
Microsoft Visual Studio Solution File, Format Version 12.00
# Visual Studio Version 17
VisualStudioVersion = 17.10.35013.160
MinimumVisualStudioVersion = 10.0.40219.1
Project("{FAE04EC0-301F-11D3-BF4B-00C04F79EFBC}") = "calenders", "calenders.csproj", "{7DE08634-BBB5-4BC1-A10E-44E98654881E}"
EndProject
Global
	GlobalSection(SolutionConfigurationPlatforms) = preSolution
		Debug|Any CPU = Debug|Any CPU
		Release|Any CPU = Release|Any CPU
	EndGlobalSection
	GlobalSection(ProjectConfigurationPlatforms) = postSolution
		{7DE08634-BBB5-4BC1-A10E-44E98654881E}.Debug|Any CPU.ActiveCfg = Debug|Any CPU
		{7DE08634-BBB5-4BC1-A10E-44E98654881E}.Debug|Any CPU.Build.0 = Debug|Any CPU
		{7DE08634-BBB5-4BC1-A10E-44E98654881E}.Release|Any CPU.ActiveCfg = Release|Any CPU
		{7DE08634-BBB5-4BC1-A10E-44E98654881E}.Release|Any CPU.Build.0 = Release|Any CPU
	EndGlobalSection
	GlobalSection(SolutionProperties) = preSolution
		HideSolutionNode = FALSE
	EndGlobalSection
	GlobalSection(ExtensibilityGlobals) = postSolution
		SolutionGuid = {46DD12F7-B52D-4BD0-9A0A-8FFDB4483AD4}
	EndGlobalSection
EndGlobal
